// !$*UTF8*$!
{
	archiveVersion = 1;
	classes = {
	};
	objectVersion = 45;
	objects = {

/* Begin PBXBuildFile section */
		8DC2EF530486A6940098B216 /* InfoPlist.strings in Resources */ = {isa = PBXBuildFile; fileRef = 089C1666FE841158C02AAC07 /* InfoPlist.strings */; };
		8DC2EF570486A6940098B216 /* Cocoa.framework in Frameworks */ = {isa = PBXBuildFile; fileRef = 1058C7B1FEA5585E11CA2CBB /* Cocoa.framework */; };
		A572DB0612C7BB0200D894D7 /* YBBarGraphView.h in Headers */ = {isa = PBXBuildFile; fileRef = A572DAF712C7BB0200D894D7 /* YBBarGraphView.h */; settings = {ATTRIBUTES = (Public, ); }; };
		A572DB0712C7BB0200D894D7 /* YBBarGraphView.m in Sources */ = {isa = PBXBuildFile; fileRef = A572DAF812C7BB0200D894D7 /* YBBarGraphView.m */; };
		A572DB0812C7BB0200D894D7 /* YBBullet.h in Headers */ = {isa = PBXBuildFile; fileRef = A572DAF912C7BB0200D894D7 /* YBBullet.h */; settings = {ATTRIBUTES = (Public, ); }; };
		A572DB0912C7BB0200D894D7 /* YBBullet.m in Sources */ = {isa = PBXBuildFile; fileRef = A572DAFA12C7BB0200D894D7 /* YBBullet.m */; };
		A572DB0A12C7BB0200D894D7 /* YBChartView.h in Headers */ = {isa = PBXBuildFile; fileRef = A572DAFB12C7BB0200D894D7 /* YBChartView.h */; settings = {ATTRIBUTES = (Public, ); }; };
		A572DB0B12C7BB0200D894D7 /* YBChartView.m in Sources */ = {isa = PBXBuildFile; fileRef = A572DAFC12C7BB0200D894D7 /* YBChartView.m */; };
		A572DB0C12C7BB0200D894D7 /* YBGraphView.h in Headers */ = {isa = PBXBuildFile; fileRef = A572DAFD12C7BB0200D894D7 /* YBGraphView.h */; settings = {ATTRIBUTES = (Public, ); }; };
		A572DB0D12C7BB0200D894D7 /* YBGraphView.m in Sources */ = {isa = PBXBuildFile; fileRef = A572DAFE12C7BB0200D894D7 /* YBGraphView.m */; };
		A572DB0E12C7BB0200D894D7 /* YBMapView.h in Headers */ = {isa = PBXBuildFile; fileRef = A572DAFF12C7BB0200D894D7 /* YBMapView.h */; settings = {ATTRIBUTES = (Public, ); }; };
		A572DB0F12C7BB0200D894D7 /* YBMapView.m in Sources */ = {isa = PBXBuildFile; fileRef = A572DB0012C7BB0200D894D7 /* YBMapView.m */; };
		A572DB1012C7BB0200D894D7 /* YBMarker.h in Headers */ = {isa = PBXBuildFile; fileRef = A572DB0112C7BB0200D894D7 /* YBMarker.h */; settings = {ATTRIBUTES = (Public, ); }; };
		A572DB1112C7BB0200D894D7 /* YBMarker.m in Sources */ = {isa = PBXBuildFile; fileRef = A572DB0212C7BB0200D894D7 /* YBMarker.m */; };
		A572DB1212C7BB0200D894D7 /* YBPointInfo.h in Headers */ = {isa = PBXBuildFile; fileRef = A572DB0312C7BB0200D894D7 /* YBPointInfo.h */; settings = {ATTRIBUTES = (Public, ); }; };
		A572DB1312C7BB0200D894D7 /* YBPointInfo.m in Sources */ = {isa = PBXBuildFile; fileRef = A572DB0412C7BB0200D894D7 /* YBPointInfo.m */; };
		A572DB1412C7BB0200D894D7 /* Yuba.h in Headers */ = {isa = PBXBuildFile; fileRef = A572DB0512C7BB0200D894D7 /* Yuba.h */; settings = {ATTRIBUTES = (Public, ); }; };
/* End PBXBuildFile section */

/* Begin PBXFileReference section */
		0867D69BFE84028FC02AAC07 /* Foundation.framework */ = {isa = PBXFileReference; lastKnownFileType = wrapper.framework; name = Foundation.framework; path = /System/Library/Frameworks/Foundation.framework; sourceTree = "<absolute>"; };
		0867D6A5FE840307C02AAC07 /* AppKit.framework */ = {isa = PBXFileReference; lastKnownFileType = wrapper.framework; name = AppKit.framework; path = /System/Library/Frameworks/AppKit.framework; sourceTree = "<absolute>"; };
		089C1667FE841158C02AAC07 /* English */ = {isa = PBXFileReference; fileEncoding = 4; lastKnownFileType = text.plist.strings; name = English; path = English.lproj/InfoPlist.strings; sourceTree = "<group>"; };
		1058C7B1FEA5585E11CA2CBB /* Cocoa.framework */ = {isa = PBXFileReference; lastKnownFileType = wrapper.framework; name = Cocoa.framework; path = /System/Library/Frameworks/Cocoa.framework; sourceTree = "<absolute>"; };
		32DBCF5E0370ADEE00C91783 /* Yuba_Prefix.pch */ = {isa = PBXFileReference; fileEncoding = 4; lastKnownFileType = sourcecode.c.h; path = Yuba_Prefix.pch; sourceTree = "<group>"; };
		8DC2EF5A0486A6940098B216 /* Info.plist */ = {isa = PBXFileReference; fileEncoding = 4; lastKnownFileType = text.plist.xml; path = Info.plist; sourceTree = "<group>"; };
		8DC2EF5B0486A6940098B216 /* Yuba.framework */ = {isa = PBXFileReference; explicitFileType = wrapper.framework; includeInIndex = 0; path = Yuba.framework; sourceTree = BUILT_PRODUCTS_DIR; };
		A572DAF712C7BB0200D894D7 /* YBBarGraphView.h */ = {isa = PBXFileReference; fileEncoding = 4; lastKnownFileType = sourcecode.c.h; name = YBBarGraphView.h; path = Classes/YBBarGraphView.h; sourceTree = "<group>"; };
		A572DAF812C7BB0200D894D7 /* YBBarGraphView.m */ = {isa = PBXFileReference; fileEncoding = 4; lastKnownFileType = sourcecode.c.objc; name = YBBarGraphView.m; path = Classes/YBBarGraphView.m; sourceTree = "<group>"; };
		A572DAF912C7BB0200D894D7 /* YBBullet.h */ = {isa = PBXFileReference; fileEncoding = 4; lastKnownFileType = sourcecode.c.h; name = YBBullet.h; path = Classes/YBBullet.h; sourceTree = "<group>"; };
		A572DAFA12C7BB0200D894D7 /* YBBullet.m */ = {isa = PBXFileReference; fileEncoding = 4; lastKnownFileType = sourcecode.c.objc; name = YBBullet.m; path = Classes/YBBullet.m; sourceTree = "<group>"; };
		A572DAFB12C7BB0200D894D7 /* YBChartView.h */ = {isa = PBXFileReference; fileEncoding = 4; lastKnownFileType = sourcecode.c.h; name = YBChartView.h; path = Classes/YBChartView.h; sourceTree = "<group>"; };
		A572DAFC12C7BB0200D894D7 /* YBChartView.m */ = {isa = PBXFileReference; fileEncoding = 4; lastKnownFileType = sourcecode.c.objc; name = YBChartView.m; path = Classes/YBChartView.m; sourceTree = "<group>"; };
		A572DAFD12C7BB0200D894D7 /* YBGraphView.h */ = {isa = PBXFileReference; fileEncoding = 4; lastKnownFileType = sourcecode.c.h; name = YBGraphView.h; path = Classes/YBGraphView.h; sourceTree = "<group>"; };
		A572DAFE12C7BB0200D894D7 /* YBGraphView.m */ = {isa = PBXFileReference; fileEncoding = 4; lastKnownFileType = sourcecode.c.objc; name = YBGraphView.m; path = Classes/YBGraphView.m; sourceTree = "<group>"; };
		A572DAFF12C7BB0200D894D7 /* YBMapView.h */ = {isa = PBXFileReference; fileEncoding = 4; lastKnownFileType = sourcecode.c.h; name = YBMapView.h; path = Classes/YBMapView.h; sourceTree = "<group>"; };
		A572DB0012C7BB0200D894D7 /* YBMapView.m */ = {isa = PBXFileReference; fileEncoding = 4; lastKnownFileType = sourcecode.c.objc; name = YBMapView.m; path = Classes/YBMapView.m; sourceTree = "<group>"; };
		A572DB0112C7BB0200D894D7 /* YBMarker.h */ = {isa = PBXFileReference; fileEncoding = 4; lastKnownFileType = sourcecode.c.h; name = YBMarker.h; path = Classes/YBMarker.h; sourceTree = "<group>"; };
		A572DB0212C7BB0200D894D7 /* YBMarker.m */ = {isa = PBXFileReference; fileEncoding = 4; lastKnownFileType = sourcecode.c.objc; name = YBMarker.m; path = Classes/YBMarker.m; sourceTree = "<group>"; };
		A572DB0312C7BB0200D894D7 /* YBPointInfo.h */ = {isa = PBXFileReference; fileEncoding = 4; lastKnownFileType = sourcecode.c.h; name = YBPointInfo.h; path = Classes/YBPointInfo.h; sourceTree = "<group>"; };
		A572DB0412C7BB0200D894D7 /* YBPointInfo.m */ = {isa = PBXFileReference; fileEncoding = 4; lastKnownFileType = sourcecode.c.objc; name = YBPointInfo.m; path = Classes/YBPointInfo.m; sourceTree = "<group>"; };
		A572DB0512C7BB0200D894D7 /* Yuba.h */ = {isa = PBXFileReference; fileEncoding = 4; lastKnownFileType = sourcecode.c.h; name = Yuba.h; path = Classes/Yuba.h; sourceTree = "<group>"; };
		D2F7E79907B2D74100F64583 /* CoreData.framework */ = {isa = PBXFileReference; lastKnownFileType = wrapper.framework; name = CoreData.framework; path = /System/Library/Frameworks/CoreData.framework; sourceTree = "<absolute>"; };
/* End PBXFileReference section */

/* Begin PBXFrameworksBuildPhase section */
		8DC2EF560486A6940098B216 /* Frameworks */ = {
			isa = PBXFrameworksBuildPhase;
			buildActionMask = 2147483647;
			files = (
				8DC2EF570486A6940098B216 /* Cocoa.framework in Frameworks */,
			);
			runOnlyForDeploymentPostprocessing = 0;
		};
/* End PBXFrameworksBuildPhase section */

/* Begin PBXGroup section */
		034768DFFF38A50411DB9C8B /* Products */ = {
			isa = PBXGroup;
			children = (
				8DC2EF5B0486A6940098B216 /* Yuba.framework */,
			);
			name = Products;
			sourceTree = "<group>";
		};
		0867D691FE84028FC02AAC07 /* Yuba */ = {
			isa = PBXGroup;
			children = (
				08FB77AEFE84172EC02AAC07 /* Classes */,
				32C88DFF0371C24200C91783 /* Other Sources */,
				089C1665FE841158C02AAC07 /* Resources */,
				0867D69AFE84028FC02AAC07 /* External Frameworks and Libraries */,
				034768DFFF38A50411DB9C8B /* Products */,
			);
			name = Yuba;
			sourceTree = "<group>";
		};
		0867D69AFE84028FC02AAC07 /* External Frameworks and Libraries */ = {
			isa = PBXGroup;
			children = (
				1058C7B0FEA5585E11CA2CBB /* Linked Frameworks */,
				1058C7B2FEA5585E11CA2CBB /* Other Frameworks */,
			);
			name = "External Frameworks and Libraries";
			sourceTree = "<group>";
		};
		089C1665FE841158C02AAC07 /* Resources */ = {
			isa = PBXGroup;
			children = (
				8DC2EF5A0486A6940098B216 /* Info.plist */,
				089C1666FE841158C02AAC07 /* InfoPlist.strings */,
			);
			name = Resources;
			sourceTree = "<group>";
		};
		08FB77AEFE84172EC02AAC07 /* Classes */ = {
			isa = PBXGroup;
			children = (
				A572DAF712C7BB0200D894D7 /* YBBarGraphView.h */,
				A572DAF812C7BB0200D894D7 /* YBBarGraphView.m */,
				A572DAF912C7BB0200D894D7 /* YBBullet.h */,
				A572DAFA12C7BB0200D894D7 /* YBBullet.m */,
				A572DAFB12C7BB0200D894D7 /* YBChartView.h */,
				A572DAFC12C7BB0200D894D7 /* YBChartView.m */,
				A572DAFD12C7BB0200D894D7 /* YBGraphView.h */,
				A572DAFE12C7BB0200D894D7 /* YBGraphView.m */,
				A572DAFF12C7BB0200D894D7 /* YBMapView.h */,
				A572DB0012C7BB0200D894D7 /* YBMapView.m */,
				A572DB0112C7BB0200D894D7 /* YBMarker.h */,
				A572DB0212C7BB0200D894D7 /* YBMarker.m */,
				A572DB0312C7BB0200D894D7 /* YBPointInfo.h */,
				A572DB0412C7BB0200D894D7 /* YBPointInfo.m */,
				A572DB0512C7BB0200D894D7 /* Yuba.h */,
			);
			name = Classes;
			sourceTree = "<group>";
		};
		1058C7B0FEA5585E11CA2CBB /* Linked Frameworks */ = {
			isa = PBXGroup;
			children = (
				1058C7B1FEA5585E11CA2CBB /* Cocoa.framework */,
			);
			name = "Linked Frameworks";
			sourceTree = "<group>";
		};
		1058C7B2FEA5585E11CA2CBB /* Other Frameworks */ = {
			isa = PBXGroup;
			children = (
				0867D6A5FE840307C02AAC07 /* AppKit.framework */,
				D2F7E79907B2D74100F64583 /* CoreData.framework */,
				0867D69BFE84028FC02AAC07 /* Foundation.framework */,
			);
			name = "Other Frameworks";
			sourceTree = "<group>";
		};
		32C88DFF0371C24200C91783 /* Other Sources */ = {
			isa = PBXGroup;
			children = (
				32DBCF5E0370ADEE00C91783 /* Yuba_Prefix.pch */,
			);
			name = "Other Sources";
			sourceTree = "<group>";
		};
/* End PBXGroup section */

/* Begin PBXHeadersBuildPhase section */
		8DC2EF500486A6940098B216 /* Headers */ = {
			isa = PBXHeadersBuildPhase;
			buildActionMask = 2147483647;
			files = (
				A572DB0612C7BB0200D894D7 /* YBBarGraphView.h in Headers */,
				A572DB0812C7BB0200D894D7 /* YBBullet.h in Headers */,
				A572DB0A12C7BB0200D894D7 /* YBChartView.h in Headers */,
				A572DB0C12C7BB0200D894D7 /* YBGraphView.h in Headers */,
				A572DB0E12C7BB0200D894D7 /* YBMapView.h in Headers */,
				A572DB1012C7BB0200D894D7 /* YBMarker.h in Headers */,
				A572DB1212C7BB0200D894D7 /* YBPointInfo.h in Headers */,
				A572DB1412C7BB0200D894D7 /* Yuba.h in Headers */,
			);
			runOnlyForDeploymentPostprocessing = 0;
		};
/* End PBXHeadersBuildPhase section */

/* Begin PBXNativeTarget section */
		8DC2EF4F0486A6940098B216 /* Yuba */ = {
			isa = PBXNativeTarget;
			buildConfigurationList = 1DEB91AD08733DA50010E9CD /* Build configuration list for PBXNativeTarget "Yuba" */;
			buildPhases = (
				8DC2EF500486A6940098B216 /* Headers */,
				8DC2EF520486A6940098B216 /* Resources */,
				8DC2EF540486A6940098B216 /* Sources */,
				8DC2EF560486A6940098B216 /* Frameworks */,
			);
			buildRules = (
			);
			dependencies = (
			);
			name = Yuba;
			productInstallPath = "$(HOME)/Library/Frameworks";
			productName = Yuba;
			productReference = 8DC2EF5B0486A6940098B216 /* Yuba.framework */;
			productType = "com.apple.product-type.framework";
		};
/* End PBXNativeTarget section */

/* Begin PBXProject section */
		0867D690FE84028FC02AAC07 /* Project object */ = {
			isa = PBXProject;
			buildConfigurationList = 1DEB91B108733DA50010E9CD /* Build configuration list for PBXProject "Yuba" */;
			compatibilityVersion = "Xcode 3.1";
			developmentRegion = English;
			hasScannedForEncodings = 1;
			knownRegions = (
				English,
				Japanese,
				French,
				German,
			);
			mainGroup = 0867D691FE84028FC02AAC07 /* Yuba */;
			productRefGroup = 034768DFFF38A50411DB9C8B /* Products */;
			projectDirPath = "";
			projectRoot = "";
			targets = (
				8DC2EF4F0486A6940098B216 /* Yuba */,
			);
		};
/* End PBXProject section */

/* Begin PBXResourcesBuildPhase section */
		8DC2EF520486A6940098B216 /* Resources */ = {
			isa = PBXResourcesBuildPhase;
			buildActionMask = 2147483647;
			files = (
				8DC2EF530486A6940098B216 /* InfoPlist.strings in Resources */,
			);
			runOnlyForDeploymentPostprocessing = 0;
		};
/* End PBXResourcesBuildPhase section */

/* Begin PBXSourcesBuildPhase section */
		8DC2EF540486A6940098B216 /* Sources */ = {
			isa = PBXSourcesBuildPhase;
			buildActionMask = 2147483647;
			files = (
				A572DB0712C7BB0200D894D7 /* YBBarGraphView.m in Sources */,
				A572DB0912C7BB0200D894D7 /* YBBullet.m in Sources */,
				A572DB0B12C7BB0200D894D7 /* YBChartView.m in Sources */,
				A572DB0D12C7BB0200D894D7 /* YBGraphView.m in Sources */,
				A572DB0F12C7BB0200D894D7 /* YBMapView.m in Sources */,
				A572DB1112C7BB0200D894D7 /* YBMarker.m in Sources */,
				A572DB1312C7BB0200D894D7 /* YBPointInfo.m in Sources */,
			);
			runOnlyForDeploymentPostprocessing = 0;
		};
/* End PBXSourcesBuildPhase section */

/* Begin PBXVariantGroup section */
		089C1666FE841158C02AAC07 /* InfoPlist.strings */ = {
			isa = PBXVariantGroup;
			children = (
				089C1667FE841158C02AAC07 /* English */,
			);
			name = InfoPlist.strings;
			sourceTree = "<group>";
		};
/* End PBXVariantGroup section */

/* Begin XCBuildConfiguration section */
		1DEB91AE08733DA50010E9CD /* Debug */ = {
			isa = XCBuildConfiguration;
			buildSettings = {
				ALWAYS_SEARCH_USER_PATHS = NO;
				COPY_PHASE_STRIP = NO;
				DYLIB_COMPATIBILITY_VERSION = 1;
				DYLIB_CURRENT_VERSION = 1;
				FRAMEWORK_VERSION = A;
				GCC_DYNAMIC_NO_PIC = NO;
				GCC_ENABLE_FIX_AND_CONTINUE = YES;
				GCC_MODEL_TUNING = G5;
				GCC_OPTIMIZATION_LEVEL = 0;
				GCC_PRECOMPILE_PREFIX_HEADER = YES;
				GCC_PREFIX_HEADER = Yuba_Prefix.pch;
				INFOPLIST_FILE = Info.plist;
				INSTALL_PATH = "@executable_path/../Frameworks";
				PRODUCT_NAME = Yuba;
				VALID_ARCHS = "i386 x86_64";
				WRAPPER_EXTENSION = framework;
			};
			name = Debug;
		};
		1DEB91AF08733DA50010E9CD /* Release */ = {
			isa = XCBuildConfiguration;
			buildSettings = {
				ALWAYS_SEARCH_USER_PATHS = NO;
				DEBUG_INFORMATION_FORMAT = "dwarf-with-dsym";
				DYLIB_COMPATIBILITY_VERSION = 1;
				DYLIB_CURRENT_VERSION = 1;
				FRAMEWORK_VERSION = A;
				GCC_MODEL_TUNING = G5;
				GCC_PRECOMPILE_PREFIX_HEADER = YES;
				GCC_PREFIX_HEADER = Yuba_Prefix.pch;
				INFOPLIST_FILE = Info.plist;
				INSTALL_PATH = "@executable_path/../Frameworks";
				PRODUCT_NAME = Yuba;
				WRAPPER_EXTENSION = framework;
			};
			name = Release;
		};
		1DEB91B208733DA50010E9CD /* Debug */ = {
			isa = XCBuildConfiguration;
			buildSettings = {
				ARCHS = "$(ARCHS_STANDARD_32_64_BIT)";
				GCC_C_LANGUAGE_STANDARD = gnu99;
				GCC_OPTIMIZATION_LEVEL = 0;
				GCC_WARN_ABOUT_RETURN_TYPE = YES;
				GCC_WARN_UNUSED_VARIABLE = YES;
				ONLY_ACTIVE_ARCH = YES;
				PREBINDING = NO;
				SDKROOT = macosx10.6;
			};
			name = Debug;
		};
		1DEB91B308733DA50010E9CD /* Release */ = {
			isa = XCBuildConfiguration;
			buildSettings = {
				ARCHS = "$(ARCHS_STANDARD_32_64_BIT)";
				GCC_C_LANGUAGE_STANDARD = gnu99;
				GCC_WARN_ABOUT_RETURN_TYPE = YES;
				GCC_WARN_UNUSED_VARIABLE = YES;
				PREBINDING = NO;
				SDKROOT = macosx10.6;
				VALID_ARCHS = "i386 x86_64";
			};
			name = Release;
		};
/* End XCBuildConfiguration section */

/* Begin XCConfigurationList section */
		1DEB91AD08733DA50010E9CD /* Build configuration list for PBXNativeTarget "Yuba" */ = {
			isa = XCConfigurationList;
			buildConfigurations = (
				1DEB91AE08733DA50010E9CD /* Debug */,
				1DEB91AF08733DA50010E9CD /* Release */,
			);
			defaultConfigurationIsVisible = 0;
			defaultConfigurationName = Release;
		};
		1DEB91B108733DA50010E9CD /* Build configuration list for PBXProject "Yuba" */ = {
			isa = XCConfigurationList;
			buildConfigurations = (
				1DEB91B208733DA50010E9CD /* Debug */,
				1DEB91B308733DA50010E9CD /* Release */,
			);
			defaultConfigurationIsVisible = 0;
			defaultConfigurationName = Release;
		};
/* End XCConfigurationList section */
	};
	rootObject = 0867D690FE84028FC02AAC07 /* Project object */;
}
